
Microsoft Visual Studio Solution File, Format Version 12.00
# Visual Studio 14
VisualStudioVersion = 14.0.25420.1
MinimumVisualStudioVersion = 10.0.40219.1
Project("{FAE04EC0-301F-11D3-BF4B-00C04F79EFBC}") = "Labb14_klasser", "Labb14_klasser\Labb14_klasser.csproj", "{1DAF76B8-6BE3-4A64-9ADD-E976DECD41CD}"
EndProject
Global
	GlobalSection(SolutionConfigurationPlatforms) = preSolution
		Debug|Any CPU = Debug|Any CPU
		Release|Any CPU = Release|Any CPU
	EndGlobalSection
	GlobalSection(ProjectConfigurationPlatforms) = postSolution
		{1DAF76B8-6BE3-4A64-9ADD-E976DECD41CD}.Debug|Any CPU.ActiveCfg = Debug|Any CPU
		{1DAF76B8-6BE3-4A64-9ADD-E976DECD41CD}.Debug|Any CPU.Build.0 = Debug|Any CPU
		{1DAF76B8-6BE3-4A64-9ADD-E976DECD41CD}.Release|Any CPU.ActiveCfg = Release|Any CPU
		{1DAF76B8-6BE3-4A64-9ADD-E976DECD41CD}.Release|Any CPU.Build.0 = Release|Any CPU
	EndGlobalSection
	GlobalSection(SolutionProperties) = preSolution
		HideSolutionNode = FALSE
	EndGlobalSection
EndGlobal
